{
  "version": "5",
  "specifiers": {
    "jsr:@david/code-block-writer@13": "13.0.3",
    "jsr:@hono/hono@4": "4.12.0",
    "jsr:@std/assert@*": "1.0.19",
    "jsr:@std/assert@1": "1.0.19",
    "jsr:@std/fs@1": "1.0.23",
    "jsr:@std/internal@^1.0.12": "1.0.12",
    "jsr:@std/path@1": "1.1.4",
    "jsr:@std/path@^1.1.4": "1.1.4",
    "jsr:@ts-morph/common@~0.28.1": "0.28.1",
    "jsr:@ts-morph/ts-morph@27": "27.0.2",
    "jsr:@zod/zod@4": "4.3.6",
    "npm:vite@*": "6.4.1_picomatch@4.0.3",
    "npm:vite@6": "6.4.1_picomatch@4.0.3"
  },
  "jsr": {
    "@david/code-block-writer@13.0.3": {
      "integrity": "f98c77d320f5957899a61bfb7a9bead7c6d83ad1515daee92dbacc861e13bb7f"
    },
    "@hono/hono@4.12.0": {
      "integrity": "a09c74c4a15539f159ea386b5804fd88d984805aa74e4d847a136ba42487412b"
    },
    "@std/assert@1.0.19": {
      "integrity": "eaada96ee120cb980bc47e040f82814d786fe8162ecc53c91d8df60b8755991e",
      "dependencies": [
        "jsr:@std/internal"
      ]
    },
    "@std/fs@1.0.23": {
      "integrity": "3ecbae4ce4fee03b180fa710caff36bb5adb66631c46a6460aaad49515565a37",
      "dependencies": [
        "jsr:@std/internal",
        "jsr:@std/path@^1.1.4"
      ]
    },
    "@std/internal@1.0.12": {
      "integrity": "972a634fd5bc34b242024402972cd5143eac68d8dffaca5eaa4dba30ce17b027"
    },
    "@std/path@1.1.4": {
      "integrity": "1d2d43f39efb1b42f0b1882a25486647cb851481862dc7313390b2bb044314b5",
      "dependencies": [
        "jsr:@std/internal"
      ]
    },
    "@ts-morph/common@0.28.1": {
      "integrity": "9d4a091c590221b21de811d8aa38f624a91706945d40e730de252c24051e4399",
      "dependencies": [
        "jsr:@std/fs",
        "jsr:@std/path@1"
      ]
    },
    "@ts-morph/ts-morph@27.0.2": {
      "integrity": "4927e154fbc23bb3a4299aaea2ec47169a851e59c720bf08bd9b517b15384e7c",
      "dependencies": [
        "jsr:@david/code-block-writer",
        "jsr:@ts-morph/common"
      ]
    },
    "@zod/zod@4.3.6": {
      "integrity": "7144e5e11f8ffc3cf6e2fca624f6597a8762898aac9868cc8938e9398b96ffe4"
    }
  },
  "npm": {
    "@esbuild/aix-ppc64@0.25.7": {
      "integrity": "sha512-uD0kKFHh6ETr8TqEtaAcV+dn/2qnYbH/+8wGEdY70Qf7l1l/jmBUbrmQqwiPKAQE6cOQ7dTj6Xr0HzQDGHyceQ==",
      "os": ["aix"],
      "cpu": ["ppc64"]
    },
    "@esbuild/android-arm64@0.25.7": {
      "integrity": "sha512-p0ohDnwyIbAtztHTNUTzN5EGD/HJLs1bwysrOPgSdlIA6NDnReoVfoCyxG6W1d85jr2X80Uq5KHftyYgaK9LPQ==",
      "os": ["android"],
      "cpu": ["arm64"]
    },
    "@esbuild/android-arm@0.25.7": {
      "integrity": "sha512-Jhuet0g1k9rAJHrXGIh7sFknFuT4sfytYZpZpuZl7YKDhnPByVAm5oy2LEBmMbuYf3ejWVYCc2seX81Mk+madA==",
      "os": ["android"],
      "cpu": ["arm"]
    },
    "@esbuild/android-x64@0.25.7": {
      "integrity": "sha512-mMxIJFlSgVK23HSsII3ZX9T2xKrBCDGyk0qiZnIW10LLFFtZLkFD6imZHu7gUo2wkNZwS9Yj3mOtZD3ZPcjCcw==",
      "os": ["android"],
      "cpu": ["x64"]
    },
    "@esbuild/darwin-arm64@0.25.7": {
      "integrity": "sha512-jyOFLGP2WwRwxM8F1VpP6gcdIJc8jq2CUrURbbTouJoRO7XCkU8GdnTDFIHdcifVBT45cJlOYsZ1kSlfbKjYUQ==",
      "os": ["darwin"],
      "cpu": ["arm64"]
    },
    "@esbuild/darwin-x64@0.25.7": {
      "integrity": "sha512-m9bVWqZCwQ1BthruifvG64hG03zzz9gE2r/vYAhztBna1/+qXiHyP9WgnyZqHgGeXoimJPhAmxfbeU+nMng6ZA==",
      "os": ["darwin"],
      "cpu": ["x64"]
    },
    "@esbuild/freebsd-arm64@0.25.7": {
      "integrity": "sha512-Bss7P4r6uhr3kDzRjPNEnTm/oIBdTPRNQuwaEFWT/uvt6A1YzK/yn5kcx5ZxZ9swOga7LqeYlu7bDIpDoS01bA==",
      "os": ["freebsd"],
      "cpu": ["arm64"]
    },
    "@esbuild/freebsd-x64@0.25.7": {
      "integrity": "sha512-S3BFyjW81LXG7Vqmr37ddbThrm3A84yE7ey/ERBlK9dIiaWgrjRlre3pbG7txh1Uaxz8N7wGGQXmC9zV+LIpBQ==",
      "os": ["freebsd"],
      "cpu": ["x64"]
    },
    "@esbuild/linux-arm64@0.25.7": {
      "integrity": "sha512-HfQZQqrNOfS1Okn7PcsGUqHymL1cWGBslf78dGvtrj8q7cN3FkapFgNA4l/a5lXDwr7BqP2BSO6mz9UremNPbg==",
      "os": ["linux"],
      "cpu": ["arm64"]
    },
    "@esbuild/linux-arm@0.25.7": {
      "integrity": "sha512-JZMIci/1m5vfQuhKoFXogCKVYVfYQmoZJg8vSIMR4TUXbF+0aNlfXH3DGFEFMElT8hOTUF5hisdZhnrZO/bkDw==",
      "os": ["linux"],
      "cpu": ["arm"]
    },
    "@esbuild/linux-ia32@0.25.7": {
      "integrity": "sha512-9Jex4uVpdeofiDxnwHRgen+j6398JlX4/6SCbbEFEXN7oMO2p0ueLN+e+9DdsdPLUdqns607HmzEFnxwr7+5wQ==",
      "os": ["linux"],
      "cpu": ["ia32"]
    },
    "@esbuild/linux-loong64@0.25.7": {
      "integrity": "sha512-TG1KJqjBlN9IHQjKVUYDB0/mUGgokfhhatlay8aZ/MSORMubEvj/J1CL8YGY4EBcln4z7rKFbsH+HeAv0d471w==",
      "os": ["linux"],
      "cpu": ["loong64"]
    },
    "@esbuild/linux-mips64el@0.25.7": {
      "integrity": "sha512-Ty9Hj/lx7ikTnhOfaP7ipEm/ICcBv94i/6/WDg0OZ3BPBHhChsUbQancoWYSO0WNkEiSW5Do4febTTy4x1qYQQ==",
      "os": ["linux"],
      "cpu": ["mips64el"]
    },
    "@esbuild/linux-ppc64@0.25.7": {
      "integrity": "sha512-MrOjirGQWGReJl3BNQ58BLhUBPpWABnKrnq8Q/vZWWwAB1wuLXOIxS2JQ1LT3+5T+3jfPh0tyf5CpbyQHqnWIQ==",
      "os": ["linux"],
      "cpu": ["ppc64"]
    },
    "@esbuild/linux-riscv64@0.25.7": {
      "integrity": "sha512-9pr23/pqzyqIZEZmQXnFyqp3vpa+KBk5TotfkzGMqpw089PGm0AIowkUppHB9derQzqniGn3wVXgck19+oqiOw==",
      "os": ["linux"],
      "cpu": ["riscv64"]
    },
    "@esbuild/linux-s390x@0.25.7": {
      "integrity": "sha512-4dP11UVGh9O6Y47m8YvW8eoA3r8qL2toVZUbBKyGta8j6zdw1cn9F/Rt59/Mhv0OgY68pHIMjGXWOUaykCnx+w==",
      "os": ["linux"],
      "cpu": ["s390x"]
    },
    "@esbuild/linux-x64@0.25.7": {
      "integrity": "sha512-ghJMAJTdw/0uhz7e7YnpdX1xVn7VqA0GrWrAO2qKMuqbvgHT2VZiBv1BQ//VcHsPir4wsL3P2oPggfKPzTKoCA==",
      "os": ["linux"],
      "cpu": ["x64"]
    },
    "@esbuild/netbsd-arm64@0.25.7": {
      "integrity": "sha512-bwXGEU4ua45+u5Ci/a55B85KWaDSRS8NPOHtxy2e3etDjbz23wlry37Ffzapz69JAGGc4089TBo+dGzydQmydg==",
      "os": ["netbsd"],
      "cpu": ["arm64"]
    },
    "@esbuild/netbsd-x64@0.25.7": {
      "integrity": "sha512-tUZRvLtgLE5OyN46sPSYlgmHoBS5bx2URSrgZdW1L1teWPYVmXh+QN/sKDqkzBo/IHGcKcHLKDhBeVVkO7teEA==",
      "os": ["netbsd"],
      "cpu": ["x64"]
    },
    "@esbuild/openbsd-arm64@0.25.7": {
      "integrity": "sha512-bTJ50aoC+WDlDGBReWYiObpYvQfMjBNlKztqoNUL0iUkYtwLkBQQeEsTq/I1KyjsKA5tyov6VZaPb8UdD6ci6Q==",
      "os": ["openbsd"],
      "cpu": ["arm64"]
    },
    "@esbuild/openbsd-x64@0.25.7": {
      "integrity": "sha512-TA9XfJrgzAipFUU895jd9j2SyDh9bbNkK2I0gHcvqb/o84UeQkBpi/XmYX3cO1q/9hZokdcDqQxIi6uLVrikxg==",
      "os": ["openbsd"],
      "cpu": ["x64"]
    },
    "@esbuild/openharmony-arm64@0.25.7": {
      "integrity": "sha512-5VTtExUrWwHHEUZ/N+rPlHDwVFQ5aME7vRJES8+iQ0xC/bMYckfJ0l2n3yGIfRoXcK/wq4oXSItZAz5wslTKGw==",
      "os": ["openharmony"],
      "cpu": ["arm64"]
    },
    "@esbuild/sunos-x64@0.25.7": {
      "integrity": "sha512-umkbn7KTxsexhv2vuuJmj9kggd4AEtL32KodkJgfhNOHMPtQ55RexsaSrMb+0+jp9XL4I4o2y91PZauVN4cH3A==",
      "os": ["sunos"],
      "cpu": ["x64"]
    },
    "@esbuild/win32-arm64@0.25.7": {
      "integrity": "sha512-j20JQGP/gz8QDgzl5No5Gr4F6hurAZvtkFxAKhiv2X49yi/ih8ECK4Y35YnjlMogSKJk931iNMcd35BtZ4ghfw==",
      "os": ["win32"],
      "cpu": ["arm64"]
    },
    "@esbuild/win32-ia32@0.25.7": {
      "integrity": "sha512-4qZ6NUfoiiKZfLAXRsvFkA0hoWVM+1y2bSHXHkpdLAs/+r0LgwqYohmfZCi985c6JWHhiXP30mgZawn/XrqAkQ==",
      "os": ["win32"],
      "cpu": ["ia32"]
    },
    "@esbuild/win32-x64@0.25.7": {
      "integrity": "sha512-FaPsAHTwm+1Gfvn37Eg3E5HIpfR3i6x1AIcla/MkqAIupD4BW3MrSeUqfoTzwwJhk3WE2/KqUn4/eenEJC76VA==",
      "os": ["win32"],
      "cpu": ["x64"]
    },
    "@rollup/rollup-android-arm-eabi@4.58.0": {
      "integrity": "sha512-mr0tmS/4FoVk1cnaeN244A/wjvGDNItZKR8hRhnmCzygyRXYtKF5jVDSIILR1U97CTzAYmbgIj/Dukg62ggG5w==",
      "os": ["android"],
      "cpu": ["arm"]
    },
    "@rollup/rollup-android-arm64@4.58.0": {
      "integrity": "sha512-+s++dbp+/RTte62mQD9wLSbiMTV+xr/PeRJEc/sFZFSBRlHPNPVaf5FXlzAL77Mr8FtSfQqCN+I598M8U41ccQ==",
      "os": ["android"],
      "cpu": ["arm64"]
    },
    "@rollup/rollup-darwin-arm64@4.58.0": {
      "integrity": "sha512-MFWBwTcYs0jZbINQBXHfSrpSQJq3IUOakcKPzfeSznONop14Pxuqa0Kg19GD0rNBMPQI2tFtu3UzapZpH0Uc1Q==",
      "os": ["darwin"],
      "cpu": ["arm64"]
    },
    "@rollup/rollup-darwin-x64@4.58.0": {
      "integrity": "sha512-yiKJY7pj9c9JwzuKYLFaDZw5gma3fI9bkPEIyofvVfsPqjCWPglSHdpdwXpKGvDeYDms3Qal8qGMEHZ1M/4Udg==",
      "os": ["darwin"],
      "cpu": ["x64"]
    },
    "@rollup/rollup-freebsd-arm64@4.58.0": {
      "integrity": "sha512-x97kCoBh5MOevpn/CNK9W1x8BEzO238541BGWBc315uOlN0AD/ifZ1msg+ZQB05Ux+VF6EcYqpiagfLJ8U3LvQ==",
      "os": ["freebsd"],
      "cpu": ["arm64"]
    },
    "@rollup/rollup-freebsd-x64@4.58.0": {
      "integrity": "sha512-Aa8jPoZ6IQAG2eIrcXPpjRcMjROMFxCt1UYPZZtCxRV68WkuSigYtQ/7Zwrcr2IvtNJo7T2JfDXyMLxq5L4Jlg==",
      "os": ["freebsd"],
      "cpu": ["x64"]
    },
    "@rollup/rollup-linux-arm-gnueabihf@4.58.0": {
      "integrity": "sha512-Ob8YgT5kD/lSIYW2Rcngs5kNB/44Q2RzBSPz9brf2WEtcGR7/f/E9HeHn1wYaAwKBni+bdXEwgHvUd0x12lQSA==",
      "os": ["linux"],
      "cpu": ["arm"]
    },
    "@rollup/rollup-linux-arm-musleabihf@4.58.0": {
      "integrity": "sha512-K+RI5oP1ceqoadvNt1FecL17Qtw/n9BgRSzxif3rTL2QlIu88ccvY+Y9nnHe/cmT5zbH9+bpiJuG1mGHRVwF4Q==",
      "os": ["linux"],
      "cpu": ["arm"]
    },
    "@rollup/rollup-linux-arm64-gnu@4.58.0": {
      "integrity": "sha512-T+17JAsCKUjmbopcKepJjHWHXSjeW7O5PL7lEFaeQmiVyw4kkc5/lyYKzrv6ElWRX/MrEWfPiJWqbTvfIvjM1Q==",
      "os": ["linux"],
      "cpu": ["arm64"]
    },
    "@rollup/rollup-linux-arm64-musl@4.58.0": {
      "integrity": "sha512-cCePktb9+6R9itIJdeCFF9txPU7pQeEHB5AbHu/MKsfH/k70ZtOeq1k4YAtBv9Z7mmKI5/wOLYjQ+B9QdxR6LA==",
      "os": ["linux"],
      "cpu": ["arm64"]
    },
    "@rollup/rollup-linux-loong64-gnu@4.58.0": {
      "integrity": "sha512-iekUaLkfliAsDl4/xSdoCJ1gnnIXvoNz85C8U8+ZxknM5pBStfZjeXgB8lXobDQvvPRCN8FPmmuTtH+z95HTmg==",
      "os": ["linux"],
      "cpu": ["loong64"]
    },
    "@rollup/rollup-linux-loong64-musl@4.58.0": {
      "integrity": "sha512-68ofRgJNl/jYJbxFjCKE7IwhbfxOl1muPN4KbIqAIe32lm22KmU7E8OPvyy68HTNkI2iV/c8y2kSPSm2mW/Q9Q==",
      "os": ["linux"],
      "cpu": ["loong64"]
    },
    "@rollup/rollup-linux-ppc64-gnu@4.58.0": {
      "integrity": "sha512-dpz8vT0i+JqUKuSNPCP5SYyIV2Lh0sNL1+FhM7eLC457d5B9/BC3kDPp5BBftMmTNsBarcPcoz5UGSsnCiw4XQ==",
      "os": ["linux"],
      "cpu": ["ppc64"]
    },
    "@rollup/rollup-linux-ppc64-musl@4.58.0": {
      "integrity": "sha512-4gdkkf9UJ7tafnweBCR/mk4jf3Jfl0cKX9Np80t5i78kjIH0ZdezUv/JDI2VtruE5lunfACqftJ8dIMGN4oHew==",
      "os": ["linux"],
      "cpu": ["ppc64"]
    },
    "@rollup/rollup-linux-riscv64-gnu@4.58.0": {
      "integrity": "sha512-YFS4vPnOkDTD/JriUeeZurFYoJhPf9GQQEF/v4lltp3mVcBmnsAdjEWhr2cjUCZzZNzxCG0HZOvJU44UGHSdzw==",
      "os": ["linux"],
      "cpu": ["riscv64"]
    },
    "@rollup/rollup-linux-riscv64-musl@4.58.0": {
      "integrity": "sha512-x2xgZlFne+QVNKV8b4wwaCS8pwq3y14zedZ5DqLzjdRITvreBk//4Knbcvm7+lWmms9V9qFp60MtUd0/t/PXPw==",
      "os": ["linux"],
      "cpu": ["riscv64"]
    },
    "@rollup/rollup-linux-s390x-gnu@4.58.0": {
      "integrity": "sha512-jIhrujyn4UnWF8S+DHSkAkDEO3hLX0cjzxJZPLF80xFyzyUIYgSMRcYQ3+uqEoyDD2beGq7Dj7edi8OnJcS/hg==",
      "os": ["linux"],
      "cpu": ["s390x"]
    },
    "@rollup/rollup-linux-x64-gnu@4.58.0": {
      "integrity": "sha512-+410Srdoh78MKSJxTQ+hZ/Mx+ajd6RjjPwBPNd0R3J9FtL6ZA0GqiiyNjCO9In0IzZkCNrpGymSfn+kgyPQocg==",
      "os": ["linux"],
      "cpu": ["x64"]
    },
    "@rollup/rollup-linux-x64-musl@4.58.0": {
      "integrity": "sha512-ZjMyby5SICi227y1MTR3VYBpFTdZs823Rs/hpakufleBoufoOIB6jtm9FEoxn/cgO7l6PM2rCEl5Kre5vX0QrQ==",
      "os": ["linux"],
      "cpu": ["x64"]
    },
    "@rollup/rollup-openbsd-x64@4.58.0": {
      "integrity": "sha512-ds4iwfYkSQ0k1nb8LTcyXw//ToHOnNTJtceySpL3fa7tc/AsE+UpUFphW126A6fKBGJD5dhRvg8zw1rvoGFxmw==",
      "os": ["openbsd"],
      "cpu": ["x64"]
    },
    "@rollup/rollup-openharmony-arm64@4.58.0": {
      "integrity": "sha512-fd/zpJniln4ICdPkjWFhZYeY/bpnaN9pGa6ko+5WD38I0tTqk9lXMgXZg09MNdhpARngmxiCg0B0XUamNw/5BQ==",
      "os": ["openharmony"],
      "cpu": ["arm64"]
    },
    "@rollup/rollup-win32-arm64-msvc@4.58.0": {
      "integrity": "sha512-YpG8dUOip7DCz3nr/JUfPbIUo+2d/dy++5bFzgi4ugOGBIox+qMbbqt/JoORwvI/C9Kn2tz6+Bieoqd5+B1CjA==",
      "os": ["win32"],
      "cpu": ["arm64"]
    },
    "@rollup/rollup-win32-ia32-msvc@4.58.0": {
      "integrity": "sha512-b9DI8jpFQVh4hIXFr0/+N/TzLdpBIoPzjt0Rt4xJbW3mzguV3mduR9cNgiuFcuL/TeORejJhCWiAXe3E/6PxWA==",
      "os": ["win32"],
      "cpu": ["ia32"]
    },
    "@rollup/rollup-win32-x64-gnu@4.58.0": {
      "integrity": "sha512-CSrVpmoRJFN06LL9xhkitkwUcTZtIotYAF5p6XOR2zW0Zz5mzb3IPpcoPhB02frzMHFNo1reQ9xSF5fFm3hUsQ==",
      "os": ["win32"],
      "cpu": ["x64"]
    },
    "@rollup/rollup-win32-x64-msvc@4.58.0": {
      "integrity": "sha512-QFsBgQNTnh5K0t/sBsjJLq24YVqEIVkGpfN2VHsnN90soZyhaiA9UUHufcctVNL4ypJY0wrwad0wslx2KJQ1/w==",
      "os": ["win32"],
      "cpu": ["x64"]
    },
    "@types/estree@1.0.8": {
      "integrity": "sha512-dWHzHa2WqEXI/O1E9OjrocMTKJl2mSrEolh1Iomrv6U+JuNwaHXsXx9bLu5gG7BUWFIN0skIQJQ/L1rIex4X6w=="
    },
    "esbuild@0.25.7": {
      "integrity": "sha512-daJB0q2dmTzo90L9NjRaohhRWrCzYxWNFTjEi72/h+p5DcY3yn4MacWfDakHmaBaDzDiuLJsCh0+6LK/iX+c+Q==",
      "optionalDependencies": [
        "@esbuild/aix-ppc64",
        "@esbuild/android-arm",
        "@esbuild/android-arm64",
        "@esbuild/android-x64",
        "@esbuild/darwin-arm64",
        "@esbuild/darwin-x64",
        "@esbuild/freebsd-arm64",
        "@esbuild/freebsd-x64",
        "@esbuild/linux-arm",
        "@esbuild/linux-arm64",
        "@esbuild/linux-ia32",
        "@esbuild/linux-loong64",
        "@esbuild/linux-mips64el",
        "@esbuild/linux-ppc64",
        "@esbuild/linux-riscv64",
        "@esbuild/linux-s390x",
        "@esbuild/linux-x64",
        "@esbuild/netbsd-arm64",
        "@esbuild/netbsd-x64",
        "@esbuild/openbsd-arm64",
        "@esbuild/openbsd-x64",
        "@esbuild/openharmony-arm64",
        "@esbuild/sunos-x64",
        "@esbuild/win32-arm64",
        "@esbuild/win32-ia32",
        "@esbuild/win32-x64"
      ],
      "scripts": true,
      "bin": true
    },
    "fdir@6.5.0_picomatch@4.0.3": {
      "integrity": "sha512-tIbYtZbucOs0BRGqPJkshJUYdL+SDH7dVM8gjy+ERp3WAUjLEFJE+02kanyHtwjWOnwrKYBiwAmM0p4kLJAnXg==",
      "dependencies": [
        "picomatch"
      ],
      "optionalPeers": [
        "picomatch"
      ]
    },
    "fsevents@2.3.3": {
      "integrity": "sha512-5xoDfX+fL7faATnagmWPpbFtwh/R77WmMMqqHGS65C3vvB0YHrgF+B1YmZ3441tMj5n63k0212XNoJwzlhffQw==",
      "os": ["darwin"],
      "scripts": true
    },
    "nanoid@3.3.11": {
      "integrity": "sha512-N8SpfPUnUp1bK+PMYW8qSWdl9U+wwNWI4QKxOYDy9JAro3WMX7p2OeVRF9v+347pnakNevPmiHhNmZ2HbFA76w==",
      "bin": true
    },
    "picocolors@1.1.1": {
      "integrity": "sha512-xceH2snhtb5M9liqDsmEw56le376mTZkEX/jEb/RxNFyegNul7eNslCXP9FDj/Lcu0X8KEyMceP2ntpaHrDEVA=="
    },
    "picomatch@4.0.3": {
      "integrity": "sha512-5gTmgEY/sqK6gFXLIsQNH19lWb4ebPDLA4SdLP7dsWkIXHWlG66oPuVvXSGFPppYZz8ZDZq0dYYrbHfBCVUb1Q=="
    },
    "postcss@8.5.6": {
      "integrity": "sha512-3Ybi1tAuwAP9s0r1UQ2J4n5Y0G05bJkpUIO0/bI9MhwmD70S5aTWbXGBwxHrelT+XM1k6dM0pk+SwNkpTRN7Pg==",
      "dependencies": [
        "nanoid",
        "picocolors",
        "source-map-js"
      ]
    },
    "rollup@4.58.0": {
      "integrity": "sha512-wbT0mBmWbIvvq8NeEYWWvevvxnOyhKChir47S66WCxw1SXqhw7ssIYejnQEVt7XYQpsj2y8F9PM+Cr3SNEa0gw==",
      "dependencies": [
        "@types/estree"
      ],
      "optionalDependencies": [
        "@rollup/rollup-android-arm-eabi",
        "@rollup/rollup-android-arm64",
        "@rollup/rollup-darwin-arm64",
        "@rollup/rollup-darwin-x64",
        "@rollup/rollup-freebsd-arm64",
        "@rollup/rollup-freebsd-x64",
        "@rollup/rollup-linux-arm-gnueabihf",
        "@rollup/rollup-linux-arm-musleabihf",
        "@rollup/rollup-linux-arm64-gnu",
        "@rollup/rollup-linux-arm64-musl",
        "@rollup/rollup-linux-loong64-gnu",
        "@rollup/rollup-linux-loong64-musl",
        "@rollup/rollup-linux-ppc64-gnu",
        "@rollup/rollup-linux-ppc64-musl",
        "@rollup/rollup-linux-riscv64-gnu",
        "@rollup/rollup-linux-riscv64-musl",
        "@rollup/rollup-linux-s390x-gnu",
        "@rollup/rollup-linux-x64-gnu",
        "@rollup/rollup-linux-x64-musl",
        "@rollup/rollup-openbsd-x64",
        "@rollup/rollup-openharmony-arm64",
        "@rollup/rollup-win32-arm64-msvc",
        "@rollup/rollup-win32-ia32-msvc",
        "@rollup/rollup-win32-x64-gnu",
        "@rollup/rollup-win32-x64-msvc",
        "fsevents"
      ],
      "bin": true
    },
    "source-map-js@1.2.1": {
      "integrity": "sha512-UXWMKhLOwVKb728IUtQPXxfYU+usdybtUrK/8uGE8CQMvrhOpwvzDBwj0QhSL7MQc7vIsISBG8VQ8+IDQxpfQA=="
    },
    "tinyglobby@0.2.15_picomatch@4.0.3": {
      "integrity": "sha512-j2Zq4NyQYG5XMST4cbs02Ak8iJUdxRM0XI5QyxXuZOzKOINmWurp3smXu3y5wDcJrptwpSjgXHzIQxR0omXljQ==",
      "dependencies": [
        "fdir",
        "picomatch"
      ]
    },
    "vite@6.4.1_picomatch@4.0.3": {
      "integrity": "sha512-+Oxm7q9hDoLMyJOYfUYBuHQo+dkAloi33apOPP56pzj+vsdJDzr+j1NISE5pyaAuKL4A3UD34qd0lx5+kfKp2g==",
      "dependencies": [
        "esbuild",
        "fdir",
        "picomatch",
        "postcss",
        "rollup",
        "tinyglobby"
      ],
      "optionalDependencies": [
        "fsevents"
      ],
      "bin": true
    }
  },
  "workspace": {
    "dependencies": [
      "jsr:@hono/hono@4",
      "jsr:@std/assert@1",
      "jsr:@ts-morph/ts-morph@27",
      "jsr:@zod/zod@4",
      "npm:vite@6"
    ]
  }
}
